{
  "name": "figure",
  "version": "1.0.0",
  "lockfileVersion": 1,
  "requires": true,
  "dependencies": {
    "@types/node": {
      "version": "8.10.8",
      "resolved": "https://registry.npmjs.org/@types/node/-/node-8.10.8.tgz",
      "integrity": "sha512-BvcUxNZe9JgiiUVivtiQt3NrPVu9OAQzkxR1Ko9ESftCYU7V6Np5kpDzQwxd+34lsop7SNRdL292Flv52OvCaw==",
      "dev": true
    },
    "typescript": {
      "version": "2.8.1",
      "resolved": "https://registry.npmjs.org/typescript/-/typescript-2.8.1.tgz",
      "integrity": "sha512-Ao/f6d/4EPLq0YwzsQz8iXflezpTkQzqAyenTiw4kCUGr1uPiFLC3+fZ+gMZz6eeI/qdRUqvC+HxIJzUAzEFdg==",
      "dev": true
    }
  }
}
